{
  "nodes": {
    "flake-utils": {
      "locked": {
        "lastModified": 1667395993,
        "narHash": "sha256-nuEHfE/LcWyuSWnS8t12N1wc105Qtau+/OdUAjtQ0rA=",
        "owner": "numtide",
        "repo": "flake-utils",
        "rev": "5aed5285a952e0b949eb3ba02c12fa4fcfef535f",
        "type": "github"
      },
      "original": {
        "owner": "numtide",
        "ref": "master",
        "repo": "flake-utils",
        "type": "github"
      }
    },
    "home-manager": {
      "inputs": {
        "nixpkgs": [
          "nixpkgs"
        ]
      },
      "locked": {
        "lastModified": 1667299227,
        "narHash": "sha256-vAJPFSDYUq3DdCL8OzTg4xObRNW+yA1Pt+NzbhGu1f8=",
        "owner": "rycee",
        "repo": "home-manager",
        "rev": "f0ecd4b1db5e15103e955b18cb94bea4296e5c45",
        "type": "github"
      },
      "original": {
        "owner": "rycee",
        "ref": "release-22.05",
        "repo": "home-manager",
        "type": "github"
      }
    },
    "nix-index-db": {
      "inputs": {
        "nixpkgs": [
          "nixpkgs"
        ]
      },
      "locked": {
        "lastModified": 1667437335,
        "narHash": "sha256-Z6j1X0Yum2sZPmIzYri4gZ3BWUD8jZ4y8Yw4yyMmpAk=",
        "owner": "usertam",
        "repo": "nix-index-db",
        "rev": "6acc317feb58e21f57665eb14a860685991a5b65",
        "type": "github"
      },
      "original": {
        "owner": "usertam",
        "ref": "standalone/master",
        "repo": "nix-index-db",
        "type": "github"
      }
    },
    "nixpkgs": {
      "locked": {
        "lastModified": 1667318659,
        "narHash": "sha256-mRXqCdlnxPgm3Wk7mNAOanl7B3Q3U5scYTEiyYmNEOE=",
        "owner": "NixOS",
        "repo": "nixpkgs",
        "rev": "b3a8f7ed267e0a7ed100eb7d716c9137ff120fe3",
        "type": "github"
      },
      "original": {
        "owner": "NixOS",
        "ref": "nixos-22.05",
        "repo": "nixpkgs",
        "type": "github"
      }
    },
    "root": {
      "inputs": {
        "flake-utils": "flake-utils",
        "home-manager": "home-manager",
        "nix-index-db": "nix-index-db",
        "nixpkgs": "nixpkgs"
      }
    }
  },
  "root": "root",
  "version": 7
}
