{
  "nodes": {
    "flake-utils": {
      "locked": {
        "lastModified": 1659877975,
        "narHash": "sha256-zllb8aq3YO3h8B/U0/J1WBgAL8EX5yWf5pMj3G0NAmc=",
        "owner": "numtide",
        "repo": "flake-utils",
        "rev": "c0e246b9b83f637f4681389ecabcb2681b4f3af0",
        "type": "github"
      },
      "original": {
        "owner": "numtide",
        "ref": "master",
        "repo": "flake-utils",
        "type": "github"
      }
    },
    "home-manager": {
      "inputs": {
        "nixpkgs": [
          "nixpkgs"
        ],
        "utils": "utils"
      },
      "locked": {
        "lastModified": 1656367977,
        "narHash": "sha256-0hV17V9Up9pnAtPJ+787FhrsPnawxoTPA/VxgjRMrjc=",
        "owner": "rycee",
        "repo": "home-manager",
        "rev": "3bf16c0fd141c28312be52945d1543f9ce557bb1",
        "type": "github"
      },
      "original": {
        "owner": "rycee",
        "ref": "master",
        "repo": "home-manager",
        "type": "github"
      }
    },
    "nix-index-db": {
      "inputs": {
        "nixpkgs": [
          "nixpkgs"
        ]
      },
      "locked": {
        "lastModified": 1664067607,
        "narHash": "sha256-0pSc4dXtn+gCM7VRg9dhvrK7dMa8pxuQnXBLNVSibwA=",
        "owner": "usertam",
        "repo": "nix-index-db",
        "rev": "b0c8fe5ef401df6f782f0278333ef3b1bceb026c",
        "type": "github"
      },
      "original": {
        "owner": "usertam",
        "ref": "standalone/master",
        "repo": "nix-index-db",
        "type": "github"
      }
    },
    "nixpkgs": {
      "locked": {
        "lastModified": 1664029467,
        "narHash": "sha256-ir7JbsLp2mqseCs3qI+Z/pkt+Gh+GfANbYcI5I+Gvnk=",
        "owner": "NixOS",
        "repo": "nixpkgs",
        "rev": "893b6b9f6c4ed0c7efdb84bd300a499a2da9fa51",
        "type": "github"
      },
      "original": {
        "owner": "NixOS",
        "ref": "nixos-22.05",
        "repo": "nixpkgs",
        "type": "github"
      }
    },
    "root": {
      "inputs": {
        "flake-utils": "flake-utils",
        "home-manager": "home-manager",
        "nix-index-db": "nix-index-db",
        "nixpkgs": "nixpkgs"
      }
    },
    "utils": {
      "locked": {
        "lastModified": 1653893745,
        "narHash": "sha256-0jntwV3Z8//YwuOjzhV2sgJJPt+HY6KhU7VZUL0fKZQ=",
        "owner": "numtide",
        "repo": "flake-utils",
        "rev": "1ed9fb1935d260de5fe1c2f7ee0ebaae17ed2fa1",
        "type": "github"
      },
      "original": {
        "owner": "numtide",
        "repo": "flake-utils",
        "type": "github"
      }
    }
  },
  "root": "root",
  "version": 7
}
