{
  "nodes": {
    "flake-utils": {
      "locked": {
        "lastModified": 1659877975,
        "narHash": "sha256-zllb8aq3YO3h8B/U0/J1WBgAL8EX5yWf5pMj3G0NAmc=",
        "owner": "numtide",
        "repo": "flake-utils",
        "rev": "c0e246b9b83f637f4681389ecabcb2681b4f3af0",
        "type": "github"
      },
      "original": {
        "owner": "numtide",
        "ref": "master",
        "repo": "flake-utils",
        "type": "github"
      }
    },
    "home-manager": {
      "inputs": {
        "nixpkgs": [
          "nixpkgs"
        ]
      },
      "locked": {
        "lastModified": 1665996265,
        "narHash": "sha256-/k9og6LDBQwT+f/tJ5ClcWiUl8kCX5m6ognhsAxOiCY=",
        "owner": "rycee",
        "repo": "home-manager",
        "rev": "b81e128fc053ab3159d7b464d9b7dedc9d6a6891",
        "type": "github"
      },
      "original": {
        "owner": "rycee",
        "ref": "release-22.05",
        "repo": "home-manager",
        "type": "github"
      }
    },
    "nix-index-db": {
      "inputs": {
        "nixpkgs": [
          "nixpkgs"
        ]
      },
      "locked": {
        "lastModified": 1666660713,
        "narHash": "sha256-dj8ek7PHuP/FU4tV3PhcJQix2xTT3D5jhf1icCCyU70=",
        "owner": "usertam",
        "repo": "nix-index-db",
        "rev": "b118f3bda59b30eaa859f15fc305e299c69a35f3",
        "type": "github"
      },
      "original": {
        "owner": "usertam",
        "ref": "standalone/master",
        "repo": "nix-index-db",
        "type": "github"
      }
    },
    "nixpkgs": {
      "locked": {
        "lastModified": 1666528161,
        "narHash": "sha256-PFOQSC0x4xPD1p/GZIbpKuoEBu6M8HnEOeNRiBUCELA=",
        "owner": "NixOS",
        "repo": "nixpkgs",
        "rev": "471d92178b978fcbad8db27c2e8a4e737d4e0e27",
        "type": "github"
      },
      "original": {
        "owner": "NixOS",
        "ref": "nixos-22.05",
        "repo": "nixpkgs",
        "type": "github"
      }
    },
    "root": {
      "inputs": {
        "flake-utils": "flake-utils",
        "home-manager": "home-manager",
        "nix-index-db": "nix-index-db",
        "nixpkgs": "nixpkgs"
      }
    }
  },
  "root": "root",
  "version": 7
}
